
Microsoft Visual Studio Solution File, Format Version 12.00
# Visual Studio Version 16
VisualStudioVersion = 16.0.31105.61
MinimumVisualStudioVersion = 10.0.40219.1
Project("{FAE04EC0-301F-11D3-BF4B-00C04F79EFBC}") = "Sifreleme", "Sifreleme\Sifreleme.csproj", "{84F1A365-304E-4476-8687-03E1338BDD12}"
EndProject
Global
	GlobalSection(SolutionConfigurationPlatforms) = preSolution
		Debug|Any CPU = Debug|Any CPU
		Release|Any CPU = Release|Any CPU
	EndGlobalSection
	GlobalSection(ProjectConfigurationPlatforms) = postSolution
		{84F1A365-304E-4476-8687-03E1338BDD12}.Debug|Any CPU.ActiveCfg = Debug|Any CPU
		{84F1A365-304E-4476-8687-03E1338BDD12}.Debug|Any CPU.Build.0 = Debug|Any CPU
		{84F1A365-304E-4476-8687-03E1338BDD12}.Release|Any CPU.ActiveCfg = Release|Any CPU
		{84F1A365-304E-4476-8687-03E1338BDD12}.Release|Any CPU.Build.0 = Release|Any CPU
	EndGlobalSection
	GlobalSection(SolutionProperties) = preSolution
		HideSolutionNode = FALSE
	EndGlobalSection
	GlobalSection(ExtensibilityGlobals) = postSolution
		SolutionGuid = {657E00BA-44F5-4B9F-A217-09A3B08C45A8}
	EndGlobalSection
EndGlobal
